
Microsoft Visual Studio Solution File, Format Version 12.00
# Visual Studio 15
VisualStudioVersion = 15.0.27130.2036
MinimumVisualStudioVersion = 10.0.40219.1
Project("{FAE04EC0-301F-11D3-BF4B-00C04F79EFBC}") = "TestProcessApp.Android", "TestProcessApp\TestProcessApp.Android\TestProcessApp.Android.csproj", "{1FFEB693-8ABA-4089-8451-BF323906F8A5}"
EndProject
Project("{FAE04EC0-301F-11D3-BF4B-00C04F79EFBC}") = "TestProcessApp.iOS", "TestProcessApp\TestProcessApp.iOS\TestProcessApp.iOS.csproj", "{EDD3DB9D-C157-4F94-AD51-18C69A634AC3}"
EndProject
Project("{FAE04EC0-301F-11D3-BF4B-00C04F79EFBC}") = "TestProcessApp", "TestProcessApp\TestProcessApp\TestProcessApp.csproj", "{5CA6A4AB-16B4-47C5-B12D-BF2CA246B90D}"
EndProject
Global
	GlobalSection(SolutionConfigurationPlatforms) = preSolution
		Ad-Hoc|Any CPU = Ad-Hoc|Any CPU
		Ad-Hoc|iPhone = Ad-Hoc|iPhone
		Ad-Hoc|iPhoneSimulator = Ad-Hoc|iPhoneSimulator
		AppStore|Any CPU = AppStore|Any CPU
		AppStore|iPhone = AppStore|iPhone
		AppStore|iPhoneSimulator = AppStore|iPhoneSimulator
		Debug|Any CPU = Debug|Any CPU
		Debug|iPhone = Debug|iPhone
		Debug|iPhoneSimulator = Debug|iPhoneSimulator
		Release|Any CPU = Release|Any CPU
		Release|iPhone = Release|iPhone
		Release|iPhoneSimulator = Release|iPhoneSimulator
	EndGlobalSection
	GlobalSection(ProjectConfigurationPlatforms) = postSolution
		{1FFEB693-8ABA-4089-8451-BF323906F8A5}.Ad-Hoc|Any CPU.ActiveCfg = Release|Any CPU
		{1FFEB693-8ABA-4089-8451-BF323906F8A5}.Ad-Hoc|Any CPU.Build.0 = Release|Any CPU
		{1FFEB693-8ABA-4089-8451-BF323906F8A5}.Ad-Hoc|Any CPU.Deploy.0 = Release|Any CPU
		{1FFEB693-8ABA-4089-8451-BF323906F8A5}.Ad-Hoc|iPhone.ActiveCfg = Release|Any CPU
		{1FFEB693-8ABA-4089-8451-BF323906F8A5}.Ad-Hoc|iPhone.Build.0 = Release|Any CPU
		{1FFEB693-8ABA-4089-8451-BF323906F8A5}.Ad-Hoc|iPhone.Deploy.0 = Release|Any CPU
		{1FFEB693-8ABA-4089-8451-BF323906F8A5}.Ad-Hoc|iPhoneSimulator.ActiveCfg = Release|Any CPU
		{1FFEB693-8ABA-4089-8451-BF323906F8A5}.Ad-Hoc|iPhoneSimulator.Build.0 = Release|Any CPU
		{1FFEB693-8ABA-4089-8451-BF323906F8A5}.Ad-Hoc|iPhoneSimulator.Deploy.0 = Release|Any CPU
		{1FFEB693-8ABA-4089-8451-BF323906F8A5}.AppStore|Any CPU.ActiveCfg = Release|Any CPU
		{1FFEB693-8ABA-4089-8451-BF323906F8A5}.AppStore|Any CPU.Build.0 = Release|Any CPU
		{1FFEB693-8ABA-4089-8451-BF323906F8A5}.AppStore|Any CPU.Deploy.0 = Release|Any CPU
		{1FFEB693-8ABA-4089-8451-BF323906F8A5}.AppStore|iPhone.ActiveCfg = Release|Any CPU
		{1FFEB693-8ABA-4089-8451-BF323906F8A5}.AppStore|iPhone.Build.0 = Release|Any CPU
		{1FFEB693-8ABA-4089-8451-BF323906F8A5}.AppStore|iPhone.Deploy.0 = Release|Any CPU
		{1FFEB693-8ABA-4089-8451-BF323906F8A5}.AppStore|iPhoneSimulator.ActiveCfg = Release|Any CPU
		{1FFEB693-8ABA-4089-8451-BF323906F8A5}.AppStore|iPhoneSimulator.Build.0 = Release|Any CPU
		{1FFEB693-8ABA-4089-8451-BF323906F8A5}.AppStore|iPhoneSimulator.Deploy.0 = Release|Any CPU
		{1FFEB693-8ABA-4089-8451-BF323906F8A5}.Debug|Any CPU.ActiveCfg = Debug|Any CPU
		{1FFEB693-8ABA-4089-8451-BF323906F8A5}.Debug|Any CPU.Build.0 = Debug|Any CPU
		{1FFEB693-8ABA-4089-8451-BF323906F8A5}.Debug|Any CPU.Deploy.0 = Debug|Any CPU
		{1FFEB693-8ABA-4089-8451-BF323906F8A5}.Debug|iPhone.ActiveCfg = Debug|Any CPU
		{1FFEB693-8ABA-4089-8451-BF323906F8A5}.Debug|iPhone.Build.0 = Debug|Any CPU
		{1FFEB693-8ABA-4089-8451-BF323906F8A5}.Debug|iPhone.Deploy.0 = Debug|Any CPU
		{1FFEB693-8ABA-4089-8451-BF323906F8A5}.Debug|iPhoneSimulator.ActiveCfg = Debug|Any CPU
		{1FFEB693-8ABA-4089-8451-BF323906F8A5}.Debug|iPhoneSimulator.Build.0 = Debug|Any CPU
		{1FFEB693-8ABA-4089-8451-BF323906F8A5}.Debug|iPhoneSimulator.Deploy.0 = Debug|Any CPU
		{1FFEB693-8ABA-4089-8451-BF323906F8A5}.Release|Any CPU.ActiveCfg = Release|Any CPU
		{1FFEB693-8ABA-4089-8451-BF323906F8A5}.Release|Any CPU.Build.0 = Release|Any CPU
		{1FFEB693-8ABA-4089-8451-BF323906F8A5}.Release|Any CPU.Deploy.0 = Release|Any CPU
		{1FFEB693-8ABA-4089-8451-BF323906F8A5}.Release|iPhone.ActiveCfg = Release|Any CPU
		{1FFEB693-8ABA-4089-8451-BF323906F8A5}.Release|iPhone.Build.0 = Release|Any CPU
		{1FFEB693-8ABA-4089-8451-BF323906F8A5}.Release|iPhone.Deploy.0 = Release|Any CPU
		{1FFEB693-8ABA-4089-8451-BF323906F8A5}.Release|iPhoneSimulator.ActiveCfg = Release|Any CPU
		{1FFEB693-8ABA-4089-8451-BF323906F8A5}.Release|iPhoneSimulator.Build.0 = Release|Any CPU
		{1FFEB693-8ABA-4089-8451-BF323906F8A5}.Release|iPhoneSimulator.Deploy.0 = Release|Any CPU
		{EDD3DB9D-C157-4F94-AD51-18C69A634AC3}.Ad-Hoc|Any CPU.ActiveCfg = Ad-Hoc|iPhone
		{EDD3DB9D-C157-4F94-AD51-18C69A634AC3}.Ad-Hoc|iPhone.ActiveCfg = Ad-Hoc|iPhone
		{EDD3DB9D-C157-4F94-AD51-18C69A634AC3}.Ad-Hoc|iPhone.Build.0 = Ad-Hoc|iPhone
		{EDD3DB9D-C157-4F94-AD51-18C69A634AC3}.Ad-Hoc|iPhoneSimulator.ActiveCfg = Ad-Hoc|iPhoneSimulator
		{EDD3DB9D-C157-4F94-AD51-18C69A634AC3}.Ad-Hoc|iPhoneSimulator.Build.0 = Ad-Hoc|iPhoneSimulator
		{EDD3DB9D-C157-4F94-AD51-18C69A634AC3}.AppStore|Any CPU.ActiveCfg = AppStore|iPhone
		{EDD3DB9D-C157-4F94-AD51-18C69A634AC3}.AppStore|iPhone.ActiveCfg = AppStore|iPhone
		{EDD3DB9D-C157-4F94-AD51-18C69A634AC3}.AppStore|iPhone.Build.0 = AppStore|iPhone
		{EDD3DB9D-C157-4F94-AD51-18C69A634AC3}.AppStore|iPhoneSimulator.ActiveCfg = AppStore|iPhoneSimulator
		{EDD3DB9D-C157-4F94-AD51-18C69A634AC3}.AppStore|iPhoneSimulator.Build.0 = AppStore|iPhoneSimulator
		{EDD3DB9D-C157-4F94-AD51-18C69A634AC3}.Debug|Any CPU.ActiveCfg = Debug|iPhone
		{EDD3DB9D-C157-4F94-AD51-18C69A634AC3}.Debug|iPhone.ActiveCfg = Debug|iPhone
		{EDD3DB9D-C157-4F94-AD51-18C69A634AC3}.Debug|iPhone.Build.0 = Debug|iPhone
		{EDD3DB9D-C157-4F94-AD51-18C69A634AC3}.Debug|iPhoneSimulator.ActiveCfg = Debug|iPhoneSimulator
		{EDD3DB9D-C157-4F94-AD51-18C69A634AC3}.Debug|iPhoneSimulator.Build.0 = Debug|iPhoneSimulator
		{EDD3DB9D-C157-4F94-AD51-18C69A634AC3}.Release|Any CPU.ActiveCfg = Release|iPhone
		{EDD3DB9D-C157-4F94-AD51-18C69A634AC3}.Release|iPhone.ActiveCfg = Release|iPhone
		{EDD3DB9D-C157-4F94-AD51-18C69A634AC3}.Release|iPhone.Build.0 = Release|iPhone
		{EDD3DB9D-C157-4F94-AD51-18C69A634AC3}.Release|iPhoneSimulator.ActiveCfg = Release|iPhoneSimulator
		{EDD3DB9D-C157-4F94-AD51-18C69A634AC3}.Release|iPhoneSimulator.Build.0 = Release|iPhoneSimulator
		{5CA6A4AB-16B4-47C5-B12D-BF2CA246B90D}.Ad-Hoc|Any CPU.ActiveCfg = Debug|Any CPU
		{5CA6A4AB-16B4-47C5-B12D-BF2CA246B90D}.Ad-Hoc|Any CPU.Build.0 = Debug|Any CPU
		{5CA6A4AB-16B4-47C5-B12D-BF2CA246B90D}.Ad-Hoc|iPhone.ActiveCfg = Debug|Any CPU
		{5CA6A4AB-16B4-47C5-B12D-BF2CA246B90D}.Ad-Hoc|iPhone.Build.0 = Debug|Any CPU
		{5CA6A4AB-16B4-47C5-B12D-BF2CA246B90D}.Ad-Hoc|iPhoneSimulator.ActiveCfg = Debug|Any CPU
		{5CA6A4AB-16B4-47C5-B12D-BF2CA246B90D}.Ad-Hoc|iPhoneSimulator.Build.0 = Debug|Any CPU
		{5CA6A4AB-16B4-47C5-B12D-BF2CA246B90D}.AppStore|Any CPU.ActiveCfg = Debug|Any CPU
		{5CA6A4AB-16B4-47C5-B12D-BF2CA246B90D}.AppStore|Any CPU.Build.0 = Debug|Any CPU
		{5CA6A4AB-16B4-47C5-B12D-BF2CA246B90D}.AppStore|iPhone.ActiveCfg = Debug|Any CPU
		{5CA6A4AB-16B4-47C5-B12D-BF2CA246B90D}.AppStore|iPhone.Build.0 = Debug|Any CPU
		{5CA6A4AB-16B4-47C5-B12D-BF2CA246B90D}.AppStore|iPhoneSimulator.ActiveCfg = Debug|Any CPU
		{5CA6A4AB-16B4-47C5-B12D-BF2CA246B90D}.AppStore|iPhoneSimulator.Build.0 = Debug|Any CPU
		{5CA6A4AB-16B4-47C5-B12D-BF2CA246B90D}.Debug|Any CPU.ActiveCfg = Debug|Any CPU
		{5CA6A4AB-16B4-47C5-B12D-BF2CA246B90D}.Debug|Any CPU.Build.0 = Debug|Any CPU
		{5CA6A4AB-16B4-47C5-B12D-BF2CA246B90D}.Debug|iPhone.ActiveCfg = Debug|Any CPU
		{5CA6A4AB-16B4-47C5-B12D-BF2CA246B90D}.Debug|iPhone.Build.0 = Debug|Any CPU
		{5CA6A4AB-16B4-47C5-B12D-BF2CA246B90D}.Debug|iPhoneSimulator.ActiveCfg = Debug|Any CPU
		{5CA6A4AB-16B4-47C5-B12D-BF2CA246B90D}.Debug|iPhoneSimulator.Build.0 = Debug|Any CPU
		{5CA6A4AB-16B4-47C5-B12D-BF2CA246B90D}.Release|Any CPU.ActiveCfg = Release|Any CPU
		{5CA6A4AB-16B4-47C5-B12D-BF2CA246B90D}.Release|Any CPU.Build.0 = Release|Any CPU
		{5CA6A4AB-16B4-47C5-B12D-BF2CA246B90D}.Release|iPhone.ActiveCfg = Release|Any CPU
		{5CA6A4AB-16B4-47C5-B12D-BF2CA246B90D}.Release|iPhone.Build.0 = Release|Any CPU
		{5CA6A4AB-16B4-47C5-B12D-BF2CA246B90D}.Release|iPhoneSimulator.ActiveCfg = Release|Any CPU
		{5CA6A4AB-16B4-47C5-B12D-BF2CA246B90D}.Release|iPhoneSimulator.Build.0 = Release|Any CPU
	EndGlobalSection
	GlobalSection(SolutionProperties) = preSolution
		HideSolutionNode = FALSE
	EndGlobalSection
	GlobalSection(ExtensibilityGlobals) = postSolution
		SolutionGuid = {65787AE6-580F-4EB1-8A75-BF72604AD447}
	EndGlobalSection
EndGlobal
